lockfileVersion: '9.0'

settings:
  autoInstallPeers: true
  excludeLinksFromLockfile: false

importers:

  .:
    dependencies:
      '@glidejs/glide':
        specifier: ^3.6.0
        version: 3.6.0
      alpinejs:
        specifier: ^3.13.2
        version: 3.13.2

packages:

  '@glidejs/glide@3.6.0':
    resolution: {integrity: sha512-47Aa+JmYjY4xTFpTtYCwrqirmI1arnp1UZETwtWpbTPisXUAuxrdJxKJLH8KHFWMsSrLi9+AcfyfzDIuO75rEA==}

  '@vue/reactivity@3.1.5':
    resolution: {integrity: sha512-1tdfLmNjWG6t/CsPldh+foumYFo3cpyCHgBYQ34ylaMsJ+SNHQ1kApMIa8jN+i593zQuaw3AdWH0nJTARzCFhg==}

  '@vue/shared@3.1.5':
    resolution: {integrity: sha512-oJ4F3TnvpXaQwZJNF3ZK+kLPHKarDmJjJ6jyzVNDKH9md1dptjC7lWR//jrGuLdek/U6iltWxqAnYOu8gCiOvA==}

  alpinejs@3.13.2:
    resolution: {integrity: sha512-WzojeeN082kLZznGI1HAuP8yFJSWqJ1fGdz2mUjj45H4y0XwToE7fFqtI3mCPRR+BpcSbxT/NL+FyPnYAWSltw==}

snapshots:

  '@glidejs/glide@3.6.0': {}

  '@vue/reactivity@3.1.5':
    dependencies:
      '@vue/shared': 3.1.5

  '@vue/shared@3.1.5': {}

  alpinejs@3.13.2:
    dependencies:
      '@vue/reactivity': 3.1.5
